
Microsoft Visual Studio Solution File, Format Version 12.00
Project("{FAE04EC0-301F-11D3-BF4B-00C04F79EFBC}") = "RDTasks.API", "RDTasks.API\RDTasks.API.csproj", "{CC9E49F4-20A6-43DE-9E51-F4864BDB166A}"
EndProject
Project("{2150E333-8FDC-42A3-9474-1A3956D46DE8}") = "1. Presentation", "1. Presentation", "{1C30A27C-F4D9-4C8D-A8CE-E2DE64913E8A}"
EndProject
Project("{2150E333-8FDC-42A3-9474-1A3956D46DE8}") = "2. Domain", "2. Domain", "{C7DB88EE-1112-4702-86B1-9F2236DCF367}"
EndProject
Project("{2150E333-8FDC-42A3-9474-1A3956D46DE8}") = "3. Infrastructure", "3. Infrastructure", "{9EFE29B6-F79D-451F-80E0-26F473B4FDEF}"
EndProject
Project("{FAE04EC0-301F-11D3-BF4B-00C04F79EFBC}") = "RDTasks.Domain", "RDTasks.Domain\RDTasks.Domain.csproj", "{B4960BFD-2194-4BD1-8BB1-DB7DBDB8C65C}"
EndProject
Global
	GlobalSection(SolutionConfigurationPlatforms) = preSolution
		Debug|Any CPU = Debug|Any CPU
		Release|Any CPU = Release|Any CPU
	EndGlobalSection
	GlobalSection(ProjectConfigurationPlatforms) = postSolution
		{CC9E49F4-20A6-43DE-9E51-F4864BDB166A}.Debug|Any CPU.ActiveCfg = Debug|Any CPU
		{CC9E49F4-20A6-43DE-9E51-F4864BDB166A}.Debug|Any CPU.Build.0 = Debug|Any CPU
		{CC9E49F4-20A6-43DE-9E51-F4864BDB166A}.Release|Any CPU.ActiveCfg = Release|Any CPU
		{CC9E49F4-20A6-43DE-9E51-F4864BDB166A}.Release|Any CPU.Build.0 = Release|Any CPU
		{B4960BFD-2194-4BD1-8BB1-DB7DBDB8C65C}.Debug|Any CPU.ActiveCfg = Debug|Any CPU
		{B4960BFD-2194-4BD1-8BB1-DB7DBDB8C65C}.Debug|Any CPU.Build.0 = Debug|Any CPU
		{B4960BFD-2194-4BD1-8BB1-DB7DBDB8C65C}.Release|Any CPU.ActiveCfg = Release|Any CPU
		{B4960BFD-2194-4BD1-8BB1-DB7DBDB8C65C}.Release|Any CPU.Build.0 = Release|Any CPU
	EndGlobalSection
	GlobalSection(NestedProjects) = preSolution
		{CC9E49F4-20A6-43DE-9E51-F4864BDB166A} = {1C30A27C-F4D9-4C8D-A8CE-E2DE64913E8A}
		{B4960BFD-2194-4BD1-8BB1-DB7DBDB8C65C} = {C7DB88EE-1112-4702-86B1-9F2236DCF367}
	EndGlobalSection
EndGlobal
